lockfileVersion: '9.0'

settings:
  autoInstallPeers: true
  excludeLinksFromLockfile: false

importers:

  .:
    dependencies:
      ldapts:
        specifier: 4.2.6
        version: 4.2.6
    devDependencies:
      '@types/parse':
        specifier: ^3.0.9
        version: 3.0.9
      typescript:
        specifier: ^5.4.5
        version: 5.5.3

packages:

  '@types/asn1@0.2.4':
    resolution: {integrity: sha512-V91DSJ2l0h0gRhVP4oBfBzRBN9lAbPUkGDMCnwedqPKX2d84aAMc9CulOvxdw1f7DfEYx99afab+Rsm3e52jhA==}

  '@types/node@20.14.9':
    resolution: {integrity: sha512-06OCtnTXtWOZBJlRApleWndH4JsRVs1pDCc8dLSQp+7PpUpX3ePdHyeNSFTeSe7FtKyQkrlPvHwJOW3SLd8Oyg==}

  '@types/parse@3.0.9':
    resolution: {integrity: sha512-DGTHygc7krgmNAK8h42giwmAofCd9uv2++RD+zw6OmWI7AEnlTYZwEuWsx22SA2CSMQrZW8P2INHLpQbnQFUng==}

  '@types/uuid@10.0.0':
    resolution: {integrity: sha512-7gqG38EyHgyP1S+7+xomFtL+ZNHcKv6DwNaCZmJmo1vgMugyF3TCnXVg4t1uk89mLNwnLtnY3TpOpCOyp1/xHQ==}

  asn1@0.2.6:
    resolution: {integrity: sha512-ix/FxPn0MDjeyJ7i/yoHGFt/EX6LyNbxSEhPPXODPL+KB0VPk86UYfL0lMdy+KCnv+fmvIzySwaK5COwqVbWTQ==}

  debug@4.3.5:
    resolution: {integrity: sha512-pt0bNEmneDIvdL1Xsd9oDQ/wrQRkXDT4AUWlNZNPKvW5x/jyO9VFXkJUP07vQ2upmw5PlaITaPKc31jK13V+jg==}
    engines: {node: '>=6.0'}
    peerDependencies:
      supports-color: '*'
    peerDependenciesMeta:
      supports-color:
        optional: true

  ldapts@4.2.6:
    resolution: {integrity: sha512-r1eOj2PtTJi+9aZxLirktoHntuYXlbQD9ZXCjiZmJx0VBQtBcWc+rueqABuh/AxMcFHNPDSJLJAXxoj5VevTwQ==}
    engines: {node: '>=14'}

  ms@2.1.2:
    resolution: {integrity: sha512-sGkPx+VjMtmA6MX27oA4FBFELFCZZ4S4XqeGOXCv68tT+jb3vk/RyaKWP0PTKyWtmLSM0b+adUTEvbs1PEaH2w==}

  safer-buffer@2.1.2:
    resolution: {integrity: sha512-YZo3K82SD7Riyi0E1EQPojLz7kpepnSQI9IyPbHHg1XXXevb5dJI7tpyN2ADxGcQbHG7vcyRHk0cbwqcQriUtg==}

  strict-event-emitter-types@2.0.0:
    resolution: {integrity: sha512-Nk/brWYpD85WlOgzw5h173aci0Teyv8YdIAEtV+N88nDB0dLlazZyJMIsN6eo1/AR61l+p6CJTG1JIyFaoNEEA==}

  typescript@5.5.3:
    resolution: {integrity: sha512-/hreyEujaB0w76zKo6717l3L0o/qEUtRgdvUBvlkhoWeOVMjMuHNHk0BRBzikzuGDqNmPQbg5ifMEqsHLiIUcQ==}
    engines: {node: '>=14.17'}
    hasBin: true

  undici-types@5.26.5:
    resolution: {integrity: sha512-JlCMO+ehdEIKqlFxk6IfVoAUVmgz7cU7zD/h9XZ0qzeosSHmUJVOzSQvvYSYWXkFXC+IfLKSIffhv0sVZup6pA==}

  uuid@9.0.1:
    resolution: {integrity: sha512-b+1eJOlsR9K8HJpow9Ok3fiWOWSIcIzXodvv0rQjVoOVNpWMpxf1wZNpt4y9h10odCNrqnYp1OBzRktckBe3sA==}
    hasBin: true

snapshots:

  '@types/asn1@0.2.4':
    dependencies:
      '@types/node': 20.14.9

  '@types/node@20.14.9':
    dependencies:
      undici-types: 5.26.5

  '@types/parse@3.0.9':
    dependencies:
      '@types/node': 20.14.9

  '@types/uuid@10.0.0': {}

  asn1@0.2.6:
    dependencies:
      safer-buffer: 2.1.2

  debug@4.3.5:
    dependencies:
      ms: 2.1.2

  ldapts@4.2.6:
    dependencies:
      '@types/asn1': 0.2.4
      '@types/node': 20.14.9
      '@types/uuid': 10.0.0
      asn1: 0.2.6
      debug: 4.3.5
      strict-event-emitter-types: 2.0.0
      uuid: 9.0.1
    transitivePeerDependencies:
      - supports-color

  ms@2.1.2: {}

  safer-buffer@2.1.2: {}

  strict-event-emitter-types@2.0.0: {}

  typescript@5.5.3: {}

  undici-types@5.26.5: {}

  uuid@9.0.1: {}
